{
  "name": "authbox-backend",
  "version": "0.0.0",
  "lockfileVersion": 1,
  "requires": true,
  "dependencies": {
    "express-force-https": {
      "version": "1.0.0",
      "resolved": "https://registry.npmjs.org/express-force-https/-/express-force-https-1.0.0.tgz",
      "integrity": "sha1-KtuBIaaJRhb8eOoFsVvY1LhV/Qw="
    }
  }
}
