{
  "name": "analyze-authlogs-csv",
  "version": "1.0.0",
  "lockfileVersion": 1,
  "requires": true,
  "dependencies": {
    "csv-parse": {
      "version": "3.1.3",
      "resolved": "https://registry.npmjs.org/csv-parse/-/csv-parse-3.1.3.tgz",
      "integrity": "sha512-fs+nzn0lU+e7uZHkY/SvEYiRT3PCvb746csfl238iUXh1D+gzzN4crzgZ7gkVDutoPWYwfrFSQaSAulSeynTlg=="
    },
    "minimist": {
      "version": "1.2.0",
      "resolved": "http://registry.npmjs.org/minimist/-/minimist-1.2.0.tgz",
      "integrity": "sha1-o1AIsg9BOD7sH7kU9M1d95omQoQ="
    },
    "moment": {
      "version": "2.22.2",
      "resolved": "https://registry.npmjs.org/moment/-/moment-2.22.2.tgz",
      "integrity": "sha1-PCV/mDn8DpP/UxSWMiOeuQeD/2Y="
    }
  }
}
